
Microsoft Visual Studio Solution File, Format Version 12.00
# Visual Studio Version 16
VisualStudioVersion = 16.0.30204.135
MinimumVisualStudioVersion = 10.0.40219.1
Project("{FAE04EC0-301F-11D3-BF4B-00C04F79EFBC}") = "Leetcode_13", "Leetcode_13\Leetcode_13.csproj", "{134DE88B-961F-4517-B817-EA35F4DEC133}"
EndProject
Global
	GlobalSection(SolutionConfigurationPlatforms) = preSolution
		Debug|Any CPU = Debug|Any CPU
		Release|Any CPU = Release|Any CPU
	EndGlobalSection
	GlobalSection(ProjectConfigurationPlatforms) = postSolution
		{134DE88B-961F-4517-B817-EA35F4DEC133}.Debug|Any CPU.ActiveCfg = Debug|Any CPU
		{134DE88B-961F-4517-B817-EA35F4DEC133}.Debug|Any CPU.Build.0 = Debug|Any CPU
		{134DE88B-961F-4517-B817-EA35F4DEC133}.Release|Any CPU.ActiveCfg = Release|Any CPU
		{134DE88B-961F-4517-B817-EA35F4DEC133}.Release|Any CPU.Build.0 = Release|Any CPU
	EndGlobalSection
	GlobalSection(SolutionProperties) = preSolution
		HideSolutionNode = FALSE
	EndGlobalSection
	GlobalSection(ExtensibilityGlobals) = postSolution
		SolutionGuid = {41D8E863-2D30-4139-AFBF-1E7CDDDFFA08}
	EndGlobalSection
EndGlobal
